
Microsoft Visual Studio Solution File, Format Version 12.00
# Visual Studio Version 17
VisualStudioVersion = 17.9.34728.123
MinimumVisualStudioVersion = 10.0.40219.1
Project("{8BC9CEB8-8B4A-11D0-8D11-00A0C91BC942}") = "UCheat", "UCheat\UCheat.vcxproj", "{3BF0FEA7-4925-4957-832D-13807263E0F7}"
EndProject
Global
	GlobalSection(SolutionConfigurationPlatforms) = preSolution
		Debug|x64 = Debug|x64
		Debug|x86 = Debug|x86
		Release|x64 = Release|x64
		Release|x86 = Release|x86
	EndGlobalSection
	GlobalSection(ProjectConfigurationPlatforms) = postSolution
		{3BF0FEA7-4925-4957-832D-13807263E0F7}.Debug|x64.ActiveCfg = Debug|x64
		{3BF0FEA7-4925-4957-832D-13807263E0F7}.Debug|x64.Build.0 = Debug|x64
		{3BF0FEA7-4925-4957-832D-13807263E0F7}.Debug|x86.ActiveCfg = Debug|Win32
		{3BF0FEA7-4925-4957-832D-13807263E0F7}.Debug|x86.Build.0 = Debug|Win32
		{3BF0FEA7-4925-4957-832D-13807263E0F7}.Release|x64.ActiveCfg = Release|x64
		{3BF0FEA7-4925-4957-832D-13807263E0F7}.Release|x64.Build.0 = Release|x64
		{3BF0FEA7-4925-4957-832D-13807263E0F7}.Release|x86.ActiveCfg = Release|Win32
		{3BF0FEA7-4925-4957-832D-13807263E0F7}.Release|x86.Build.0 = Release|Win32
	EndGlobalSection
	GlobalSection(SolutionProperties) = preSolution
		HideSolutionNode = FALSE
	EndGlobalSection
	GlobalSection(ExtensibilityGlobals) = postSolution
		SolutionGuid = {43B85CA8-E477-4A6B-AF81-E38028CD215E}
	EndGlobalSection
EndGlobal
